
Microsoft Visual Studio Solution File, Format Version 12.00
# Visual Studio Version 17
VisualStudioVersion = 17.6.33829.357
MinimumVisualStudioVersion = 10.0.40219.1
Project("{FAE04EC0-301F-11D3-BF4B-00C04F79EFBC}") = "bands-aspnet-mvc", "bands-aspnet-mvc\bands-aspnet-mvc.csproj", "{C6BD7665-9FCB-482A-8FFB-431304D8625F}"
EndProject
Global
	GlobalSection(SolutionConfigurationPlatforms) = preSolution
		Debug|Any CPU = Debug|Any CPU
		Release|Any CPU = Release|Any CPU
	EndGlobalSection
	GlobalSection(ProjectConfigurationPlatforms) = postSolution
		{C6BD7665-9FCB-482A-8FFB-431304D8625F}.Debug|Any CPU.ActiveCfg = Debug|Any CPU
		{C6BD7665-9FCB-482A-8FFB-431304D8625F}.Debug|Any CPU.Build.0 = Debug|Any CPU
		{C6BD7665-9FCB-482A-8FFB-431304D8625F}.Release|Any CPU.ActiveCfg = Release|Any CPU
		{C6BD7665-9FCB-482A-8FFB-431304D8625F}.Release|Any CPU.Build.0 = Release|Any CPU
	EndGlobalSection
	GlobalSection(SolutionProperties) = preSolution
		HideSolutionNode = FALSE
	EndGlobalSection
	GlobalSection(ExtensibilityGlobals) = postSolution
		SolutionGuid = {AA2FDB86-5777-4A94-A71C-579A425A806D}
	EndGlobalSection
EndGlobal
